
Microsoft Visual Studio Solution File, Format Version 12.00
# Visual Studio 15
VisualStudioVersion = 15.0.26124.0
MinimumVisualStudioVersion = 15.0.26124.0
Project("{2150E333-8FDC-42A3-9474-1A3956D46DE8}") = "src", "src", "{36971A3B-D461-4B8A-B54D-D616C4F4E676}"
EndProject
Project("{FAE04EC0-301F-11D3-BF4B-00C04F79EFBC}") = "database", "src\database\database.csproj", "{BFD64575-2F16-4962-B860-C73C5073BA3F}"
EndProject
Project("{FAE04EC0-301F-11D3-BF4B-00C04F79EFBC}") = "itunes-library-xml-parser", "src\itunes-library-xml-parser\itunes-library-xml-parser.csproj", "{339D7F10-3BA9-43FC-B653-04D03264DCDF}"
EndProject
Project("{2150E333-8FDC-42A3-9474-1A3956D46DE8}") = "test", "test", "{8AB33CAE-FC0A-42E0-8ABF-8DD8547DF023}"
EndProject
Project("{FAE04EC0-301F-11D3-BF4B-00C04F79EFBC}") = "itunes-library-xml-parser-test", "test\itunes-library-xml-parser-test\itunes-library-xml-parser-test.csproj", "{E54B6B6D-86EB-4DAB-8C2D-72CC6F74D2B6}"
EndProject
Project("{FAE04EC0-301F-11D3-BF4B-00C04F79EFBC}") = "database-test", "test\database-test\database-test.csproj", "{70461C52-15DC-4AC8-AF19-BA90B6EA76D1}"
EndProject
Global
	GlobalSection(SolutionConfigurationPlatforms) = preSolution
		Debug|Any CPU = Debug|Any CPU
		Debug|x64 = Debug|x64
		Debug|x86 = Debug|x86
		Release|Any CPU = Release|Any CPU
		Release|x64 = Release|x64
		Release|x86 = Release|x86
	EndGlobalSection
	GlobalSection(SolutionProperties) = preSolution
		HideSolutionNode = FALSE
	EndGlobalSection
	GlobalSection(ProjectConfigurationPlatforms) = postSolution
		{BFD64575-2F16-4962-B860-C73C5073BA3F}.Debug|Any CPU.ActiveCfg = Debug|Any CPU
		{BFD64575-2F16-4962-B860-C73C5073BA3F}.Debug|Any CPU.Build.0 = Debug|Any CPU
		{BFD64575-2F16-4962-B860-C73C5073BA3F}.Debug|x64.ActiveCfg = Debug|Any CPU
		{BFD64575-2F16-4962-B860-C73C5073BA3F}.Debug|x64.Build.0 = Debug|Any CPU
		{BFD64575-2F16-4962-B860-C73C5073BA3F}.Debug|x86.ActiveCfg = Debug|Any CPU
		{BFD64575-2F16-4962-B860-C73C5073BA3F}.Debug|x86.Build.0 = Debug|Any CPU
		{BFD64575-2F16-4962-B860-C73C5073BA3F}.Release|Any CPU.ActiveCfg = Release|Any CPU
		{BFD64575-2F16-4962-B860-C73C5073BA3F}.Release|Any CPU.Build.0 = Release|Any CPU
		{BFD64575-2F16-4962-B860-C73C5073BA3F}.Release|x64.ActiveCfg = Release|Any CPU
		{BFD64575-2F16-4962-B860-C73C5073BA3F}.Release|x64.Build.0 = Release|Any CPU
		{BFD64575-2F16-4962-B860-C73C5073BA3F}.Release|x86.ActiveCfg = Release|Any CPU
		{BFD64575-2F16-4962-B860-C73C5073BA3F}.Release|x86.Build.0 = Release|Any CPU
		{339D7F10-3BA9-43FC-B653-04D03264DCDF}.Debug|Any CPU.ActiveCfg = Debug|Any CPU
		{339D7F10-3BA9-43FC-B653-04D03264DCDF}.Debug|Any CPU.Build.0 = Debug|Any CPU
		{339D7F10-3BA9-43FC-B653-04D03264DCDF}.Debug|x64.ActiveCfg = Debug|Any CPU
		{339D7F10-3BA9-43FC-B653-04D03264DCDF}.Debug|x64.Build.0 = Debug|Any CPU
		{339D7F10-3BA9-43FC-B653-04D03264DCDF}.Debug|x86.ActiveCfg = Debug|Any CPU
		{339D7F10-3BA9-43FC-B653-04D03264DCDF}.Debug|x86.Build.0 = Debug|Any CPU
		{339D7F10-3BA9-43FC-B653-04D03264DCDF}.Release|Any CPU.ActiveCfg = Release|Any CPU
		{339D7F10-3BA9-43FC-B653-04D03264DCDF}.Release|Any CPU.Build.0 = Release|Any CPU
		{339D7F10-3BA9-43FC-B653-04D03264DCDF}.Release|x64.ActiveCfg = Release|Any CPU
		{339D7F10-3BA9-43FC-B653-04D03264DCDF}.Release|x64.Build.0 = Release|Any CPU
		{339D7F10-3BA9-43FC-B653-04D03264DCDF}.Release|x86.ActiveCfg = Release|Any CPU
		{339D7F10-3BA9-43FC-B653-04D03264DCDF}.Release|x86.Build.0 = Release|Any CPU
		{E54B6B6D-86EB-4DAB-8C2D-72CC6F74D2B6}.Debug|Any CPU.ActiveCfg = Debug|Any CPU
		{E54B6B6D-86EB-4DAB-8C2D-72CC6F74D2B6}.Debug|Any CPU.Build.0 = Debug|Any CPU
		{E54B6B6D-86EB-4DAB-8C2D-72CC6F74D2B6}.Debug|x64.ActiveCfg = Debug|Any CPU
		{E54B6B6D-86EB-4DAB-8C2D-72CC6F74D2B6}.Debug|x64.Build.0 = Debug|Any CPU
		{E54B6B6D-86EB-4DAB-8C2D-72CC6F74D2B6}.Debug|x86.ActiveCfg = Debug|Any CPU
		{E54B6B6D-86EB-4DAB-8C2D-72CC6F74D2B6}.Debug|x86.Build.0 = Debug|Any CPU
		{E54B6B6D-86EB-4DAB-8C2D-72CC6F74D2B6}.Release|Any CPU.ActiveCfg = Release|Any CPU
		{E54B6B6D-86EB-4DAB-8C2D-72CC6F74D2B6}.Release|Any CPU.Build.0 = Release|Any CPU
		{E54B6B6D-86EB-4DAB-8C2D-72CC6F74D2B6}.Release|x64.ActiveCfg = Release|Any CPU
		{E54B6B6D-86EB-4DAB-8C2D-72CC6F74D2B6}.Release|x64.Build.0 = Release|Any CPU
		{E54B6B6D-86EB-4DAB-8C2D-72CC6F74D2B6}.Release|x86.ActiveCfg = Release|Any CPU
		{E54B6B6D-86EB-4DAB-8C2D-72CC6F74D2B6}.Release|x86.Build.0 = Release|Any CPU
		{70461C52-15DC-4AC8-AF19-BA90B6EA76D1}.Debug|Any CPU.ActiveCfg = Debug|Any CPU
		{70461C52-15DC-4AC8-AF19-BA90B6EA76D1}.Debug|Any CPU.Build.0 = Debug|Any CPU
		{70461C52-15DC-4AC8-AF19-BA90B6EA76D1}.Debug|x64.ActiveCfg = Debug|Any CPU
		{70461C52-15DC-4AC8-AF19-BA90B6EA76D1}.Debug|x64.Build.0 = Debug|Any CPU
		{70461C52-15DC-4AC8-AF19-BA90B6EA76D1}.Debug|x86.ActiveCfg = Debug|Any CPU
		{70461C52-15DC-4AC8-AF19-BA90B6EA76D1}.Debug|x86.Build.0 = Debug|Any CPU
		{70461C52-15DC-4AC8-AF19-BA90B6EA76D1}.Release|Any CPU.ActiveCfg = Release|Any CPU
		{70461C52-15DC-4AC8-AF19-BA90B6EA76D1}.Release|Any CPU.Build.0 = Release|Any CPU
		{70461C52-15DC-4AC8-AF19-BA90B6EA76D1}.Release|x64.ActiveCfg = Release|Any CPU
		{70461C52-15DC-4AC8-AF19-BA90B6EA76D1}.Release|x64.Build.0 = Release|Any CPU
		{70461C52-15DC-4AC8-AF19-BA90B6EA76D1}.Release|x86.ActiveCfg = Release|Any CPU
		{70461C52-15DC-4AC8-AF19-BA90B6EA76D1}.Release|x86.Build.0 = Release|Any CPU
	EndGlobalSection
	GlobalSection(NestedProjects) = preSolution
		{BFD64575-2F16-4962-B860-C73C5073BA3F} = {36971A3B-D461-4B8A-B54D-D616C4F4E676}
		{339D7F10-3BA9-43FC-B653-04D03264DCDF} = {36971A3B-D461-4B8A-B54D-D616C4F4E676}
		{E54B6B6D-86EB-4DAB-8C2D-72CC6F74D2B6} = {8AB33CAE-FC0A-42E0-8ABF-8DD8547DF023}
		{70461C52-15DC-4AC8-AF19-BA90B6EA76D1} = {8AB33CAE-FC0A-42E0-8ABF-8DD8547DF023}
	EndGlobalSection
EndGlobal
